
Microsoft Visual Studio Solution File, Format Version 12.00
# Visual Studio Version 17
VisualStudioVersion = 17.1.31911.260
MinimumVisualStudioVersion = 10.0.40219.1
Project("{2150E333-8FDC-42A3-9474-1A3956D46DE8}") = "Samples", "Samples", "{E36FC976-3345-4988-B710-C7F5DEAD2EF6}"
EndProject
Project("{9A19103F-16F7-4668-BE54-9A1E7A4F7556}") = "Microsoft.Solutions.CosmosDB.Mongo.TODO.Service", "Sample\Microsoft.Solutions.CosmosDB.Mongo.TODO.Service\Microsoft.Solutions.CosmosDB.Mongo.TODO.Service.csproj", "{9AD83669-5DE8-44E5-9C12-BAD90FB93A23}"
EndProject
Project("{9A19103F-16F7-4668-BE54-9A1E7A4F7556}") = "Microsoft.Solutions.CosmosDB.Mongo.TODO.Tests", "Sample\Microsoft.Solutions.CosmosDB.Mongo.TODO.Tests\Microsoft.Solutions.CosmosDB.Mongo.TODO.Tests.csproj", "{E36ADD7C-3E12-44D5-9A56-0B5C086EF755}"
EndProject
Project("{2150E333-8FDC-42A3-9474-1A3956D46DE8}") = "Mongo", "Mongo", "{1FE0C1A9-B34A-4B9A-8B13-9342D28B849E}"
EndProject
Project("{2150E333-8FDC-42A3-9474-1A3956D46DE8}") = "Libraries", "Libraries", "{F75FAB67-13B6-4A4D-8FD9-C30D4A7B648F}"
EndProject
Project("{9A19103F-16F7-4668-BE54-9A1E7A4F7556}") = "Microsoft.Solutions.CosmosDB.SQL", "libraries\Microsoft.Solutions.CosmosDB.SQL\Microsoft.Solutions.CosmosDB.SQL.csproj", "{A161FC5B-E3D9-4814-BFFB-90FD8AE1E158}"
EndProject
Project("{2150E333-8FDC-42A3-9474-1A3956D46DE8}") = "SQL", "SQL", "{9CF5C149-650A-42C4-A08E-0A066FE7721A}"
EndProject
Project("{9A19103F-16F7-4668-BE54-9A1E7A4F7556}") = "Microsoft.Solutions.CosmosDB.SQL.TODO.Service", "Sample\Microsoft.Solutions.CosmosDB.SQL.SDK.TODO.Service\Microsoft.Solutions.CosmosDB.SQL.TODO.Service.csproj", "{79FBDE75-2C12-4684-ADCB-C8004D305373}"
EndProject
Project("{9A19103F-16F7-4668-BE54-9A1E7A4F7556}") = "Microsoft.Solutions.CosmosDB.SQL.TODO.Service.Tests", "Sample\Microsoft.Solutions.CosmosDB.SQL.SDK.TODO.Service.Tests\Microsoft.Solutions.CosmosDB.SQL.TODO.Service.Tests.csproj", "{7C6EAD80-D219-4792-98D7-247248918968}"
EndProject
Project("{9A19103F-16F7-4668-BE54-9A1E7A4F7556}") = "Microsoft.Solutions.CosmosDB", "libraries\Microsoft.Solutions.CosmosDB\Microsoft.Solutions.CosmosDB.csproj", "{5CF6B6AA-635A-46A3-A0BC-A84294BB205E}"
EndProject
Project("{9A19103F-16F7-4668-BE54-9A1E7A4F7556}") = "Microsoft.Solutions.CosmosDB.TODO.WebHost", "Sample\Microsoft.Solutions.CosmosDB.WebHost\Microsoft.Solutions.CosmosDB.TODO.WebHost.csproj", "{8926C6B9-213D-4569-A878-53204473E75E}"
EndProject
Project("{9A19103F-16F7-4668-BE54-9A1E7A4F7556}") = "Microsoft.Solutions.CosmosDB.SQL.ChangeFeed", "Libraries\Microsoft.Solutions.CosmosDB.SQL.ChangeFeed\Microsoft.Solutions.CosmosDB.SQL.ChangeFeed.csproj", "{45D30D7D-271F-4833-8E80-09831F79F1E5}"
EndProject
Project("{9A19103F-16F7-4668-BE54-9A1E7A4F7556}") = "Microsoft.Solutions.CosmosDB.SQL.ChangeFeed.Service", "Sample\Microsoft.Solutions.CosmosDB.SQL.ChangeFeed.Service\Microsoft.Solutions.CosmosDB.SQL.ChangeFeed.Service.csproj", "{0F6953CF-37F3-4759-AF46-A62ABB49D76C}"
EndProject
Project("{9A19103F-16F7-4668-BE54-9A1E7A4F7556}") = "Microsoft.Solutions.CosmosDB.Test", "libraries\Microsoft.Solutions.CosmosDB.Test\Microsoft.Solutions.CosmosDB.Test.csproj", "{228A0A82-EF20-459D-A9CD-564EC02A45E2}"
EndProject
Project("{9A19103F-16F7-4668-BE54-9A1E7A4F7556}") = "Microsoft.Solutions.CosmosDB.Security.ManagedIdentity", "libraries\Microsoft.Solutions.CosmosDB.Security.ManagedIdentity\Microsoft.Solutions.CosmosDB.Security.ManagedIdentity.csproj", "{88B10D30-4A93-4BC0-9CF5-F813B40A6943}"
EndProject
Project("{2150E333-8FDC-42A3-9474-1A3956D46DE8}") = "Utils", "Utils", "{1E21D3A9-D00F-45AF-99EC-BF8123ACE33F}"
EndProject
Project("{9A19103F-16F7-4668-BE54-9A1E7A4F7556}") = "Microsoft.Solutions.HTTP", "Utils\Microsoft.Solutions.HTTP\Microsoft.Solutions.HTTP.csproj", "{50FC98FF-EAE1-478D-B9F9-846DA11372AD}"
EndProject
Project("{9A19103F-16F7-4668-BE54-9A1E7A4F7556}") = "Microsoft.Solutions.CosmosDB.Mongo", "libraries\Microsoft.Solutions.CosmosDB.Mongo\Microsoft.Solutions.CosmosDB.Mongo.csproj", "{43EAD90D-01D0-4468-BD44-86D20A88F947}"
EndProject
Global
	GlobalSection(SolutionConfigurationPlatforms) = preSolution
		Debug|Any CPU = Debug|Any CPU
		DebugWithSymbol|Any CPU = DebugWithSymbol|Any CPU
		Release|Any CPU = Release|Any CPU
	EndGlobalSection
	GlobalSection(ProjectConfigurationPlatforms) = postSolution
		{9AD83669-5DE8-44E5-9C12-BAD90FB93A23}.Debug|Any CPU.ActiveCfg = Debug|Any CPU
		{9AD83669-5DE8-44E5-9C12-BAD90FB93A23}.Debug|Any CPU.Build.0 = Debug|Any CPU
		{9AD83669-5DE8-44E5-9C12-BAD90FB93A23}.DebugWithSymbol|Any CPU.ActiveCfg = Debug|Any CPU
		{9AD83669-5DE8-44E5-9C12-BAD90FB93A23}.DebugWithSymbol|Any CPU.Build.0 = Debug|Any CPU
		{9AD83669-5DE8-44E5-9C12-BAD90FB93A23}.Release|Any CPU.ActiveCfg = Release|Any CPU
		{9AD83669-5DE8-44E5-9C12-BAD90FB93A23}.Release|Any CPU.Build.0 = Release|Any CPU
		{E36ADD7C-3E12-44D5-9A56-0B5C086EF755}.Debug|Any CPU.ActiveCfg = Debug|Any CPU
		{E36ADD7C-3E12-44D5-9A56-0B5C086EF755}.Debug|Any CPU.Build.0 = Debug|Any CPU
		{E36ADD7C-3E12-44D5-9A56-0B5C086EF755}.DebugWithSymbol|Any CPU.ActiveCfg = Debug|Any CPU
		{E36ADD7C-3E12-44D5-9A56-0B5C086EF755}.DebugWithSymbol|Any CPU.Build.0 = Debug|Any CPU
		{E36ADD7C-3E12-44D5-9A56-0B5C086EF755}.Release|Any CPU.ActiveCfg = Release|Any CPU
		{E36ADD7C-3E12-44D5-9A56-0B5C086EF755}.Release|Any CPU.Build.0 = Release|Any CPU
		{A161FC5B-E3D9-4814-BFFB-90FD8AE1E158}.Debug|Any CPU.ActiveCfg = Debug|Any CPU
		{A161FC5B-E3D9-4814-BFFB-90FD8AE1E158}.Debug|Any CPU.Build.0 = Debug|Any CPU
		{A161FC5B-E3D9-4814-BFFB-90FD8AE1E158}.DebugWithSymbol|Any CPU.ActiveCfg = Debug|Any CPU
		{A161FC5B-E3D9-4814-BFFB-90FD8AE1E158}.DebugWithSymbol|Any CPU.Build.0 = Debug|Any CPU
		{A161FC5B-E3D9-4814-BFFB-90FD8AE1E158}.Release|Any CPU.ActiveCfg = Release|Any CPU
		{A161FC5B-E3D9-4814-BFFB-90FD8AE1E158}.Release|Any CPU.Build.0 = Release|Any CPU
		{79FBDE75-2C12-4684-ADCB-C8004D305373}.Debug|Any CPU.ActiveCfg = Debug|Any CPU
		{79FBDE75-2C12-4684-ADCB-C8004D305373}.Debug|Any CPU.Build.0 = Debug|Any CPU
		{79FBDE75-2C12-4684-ADCB-C8004D305373}.DebugWithSymbol|Any CPU.ActiveCfg = Debug|Any CPU
		{79FBDE75-2C12-4684-ADCB-C8004D305373}.DebugWithSymbol|Any CPU.Build.0 = Debug|Any CPU
		{79FBDE75-2C12-4684-ADCB-C8004D305373}.Release|Any CPU.ActiveCfg = Release|Any CPU
		{79FBDE75-2C12-4684-ADCB-C8004D305373}.Release|Any CPU.Build.0 = Release|Any CPU
		{7C6EAD80-D219-4792-98D7-247248918968}.Debug|Any CPU.ActiveCfg = Debug|Any CPU
		{7C6EAD80-D219-4792-98D7-247248918968}.Debug|Any CPU.Build.0 = Debug|Any CPU
		{7C6EAD80-D219-4792-98D7-247248918968}.DebugWithSymbol|Any CPU.ActiveCfg = Debug|Any CPU
		{7C6EAD80-D219-4792-98D7-247248918968}.DebugWithSymbol|Any CPU.Build.0 = Debug|Any CPU
		{7C6EAD80-D219-4792-98D7-247248918968}.Release|Any CPU.ActiveCfg = Release|Any CPU
		{7C6EAD80-D219-4792-98D7-247248918968}.Release|Any CPU.Build.0 = Release|Any CPU
		{5CF6B6AA-635A-46A3-A0BC-A84294BB205E}.Debug|Any CPU.ActiveCfg = Debug|Any CPU
		{5CF6B6AA-635A-46A3-A0BC-A84294BB205E}.Debug|Any CPU.Build.0 = Debug|Any CPU
		{5CF6B6AA-635A-46A3-A0BC-A84294BB205E}.DebugWithSymbol|Any CPU.ActiveCfg = Debug|Any CPU
		{5CF6B6AA-635A-46A3-A0BC-A84294BB205E}.DebugWithSymbol|Any CPU.Build.0 = Debug|Any CPU
		{5CF6B6AA-635A-46A3-A0BC-A84294BB205E}.Release|Any CPU.ActiveCfg = Release|Any CPU
		{5CF6B6AA-635A-46A3-A0BC-A84294BB205E}.Release|Any CPU.Build.0 = Release|Any CPU
		{8926C6B9-213D-4569-A878-53204473E75E}.Debug|Any CPU.ActiveCfg = Debug|Any CPU
		{8926C6B9-213D-4569-A878-53204473E75E}.Debug|Any CPU.Build.0 = Debug|Any CPU
		{8926C6B9-213D-4569-A878-53204473E75E}.DebugWithSymbol|Any CPU.ActiveCfg = Debug|Any CPU
		{8926C6B9-213D-4569-A878-53204473E75E}.DebugWithSymbol|Any CPU.Build.0 = Debug|Any CPU
		{8926C6B9-213D-4569-A878-53204473E75E}.Release|Any CPU.ActiveCfg = Release|Any CPU
		{8926C6B9-213D-4569-A878-53204473E75E}.Release|Any CPU.Build.0 = Release|Any CPU
		{45D30D7D-271F-4833-8E80-09831F79F1E5}.Debug|Any CPU.ActiveCfg = Debug|Any CPU
		{45D30D7D-271F-4833-8E80-09831F79F1E5}.Debug|Any CPU.Build.0 = Debug|Any CPU
		{45D30D7D-271F-4833-8E80-09831F79F1E5}.DebugWithSymbol|Any CPU.ActiveCfg = Debug|Any CPU
		{45D30D7D-271F-4833-8E80-09831F79F1E5}.DebugWithSymbol|Any CPU.Build.0 = Debug|Any CPU
		{45D30D7D-271F-4833-8E80-09831F79F1E5}.Release|Any CPU.ActiveCfg = Release|Any CPU
		{45D30D7D-271F-4833-8E80-09831F79F1E5}.Release|Any CPU.Build.0 = Release|Any CPU
		{0F6953CF-37F3-4759-AF46-A62ABB49D76C}.Debug|Any CPU.ActiveCfg = Debug|Any CPU
		{0F6953CF-37F3-4759-AF46-A62ABB49D76C}.Debug|Any CPU.Build.0 = Debug|Any CPU
		{0F6953CF-37F3-4759-AF46-A62ABB49D76C}.DebugWithSymbol|Any CPU.ActiveCfg = Debug|Any CPU
		{0F6953CF-37F3-4759-AF46-A62ABB49D76C}.DebugWithSymbol|Any CPU.Build.0 = Debug|Any CPU
		{0F6953CF-37F3-4759-AF46-A62ABB49D76C}.Release|Any CPU.ActiveCfg = Release|Any CPU
		{0F6953CF-37F3-4759-AF46-A62ABB49D76C}.Release|Any CPU.Build.0 = Release|Any CPU
		{228A0A82-EF20-459D-A9CD-564EC02A45E2}.Debug|Any CPU.ActiveCfg = Debug|Any CPU
		{228A0A82-EF20-459D-A9CD-564EC02A45E2}.Debug|Any CPU.Build.0 = Debug|Any CPU
		{228A0A82-EF20-459D-A9CD-564EC02A45E2}.DebugWithSymbol|Any CPU.ActiveCfg = Debug|Any CPU
		{228A0A82-EF20-459D-A9CD-564EC02A45E2}.DebugWithSymbol|Any CPU.Build.0 = Debug|Any CPU
		{228A0A82-EF20-459D-A9CD-564EC02A45E2}.Release|Any CPU.ActiveCfg = Release|Any CPU
		{228A0A82-EF20-459D-A9CD-564EC02A45E2}.Release|Any CPU.Build.0 = Release|Any CPU
		{88B10D30-4A93-4BC0-9CF5-F813B40A6943}.Debug|Any CPU.ActiveCfg = Debug|Any CPU
		{88B10D30-4A93-4BC0-9CF5-F813B40A6943}.Debug|Any CPU.Build.0 = Debug|Any CPU
		{88B10D30-4A93-4BC0-9CF5-F813B40A6943}.DebugWithSymbol|Any CPU.ActiveCfg = Debug|Any CPU
		{88B10D30-4A93-4BC0-9CF5-F813B40A6943}.DebugWithSymbol|Any CPU.Build.0 = Debug|Any CPU
		{88B10D30-4A93-4BC0-9CF5-F813B40A6943}.Release|Any CPU.ActiveCfg = Release|Any CPU
		{88B10D30-4A93-4BC0-9CF5-F813B40A6943}.Release|Any CPU.Build.0 = Release|Any CPU
		{50FC98FF-EAE1-478D-B9F9-846DA11372AD}.Debug|Any CPU.ActiveCfg = Debug|Any CPU
		{50FC98FF-EAE1-478D-B9F9-846DA11372AD}.Debug|Any CPU.Build.0 = Debug|Any CPU
		{50FC98FF-EAE1-478D-B9F9-846DA11372AD}.DebugWithSymbol|Any CPU.ActiveCfg = Debug|Any CPU
		{50FC98FF-EAE1-478D-B9F9-846DA11372AD}.DebugWithSymbol|Any CPU.Build.0 = Debug|Any CPU
		{50FC98FF-EAE1-478D-B9F9-846DA11372AD}.Release|Any CPU.ActiveCfg = Release|Any CPU
		{50FC98FF-EAE1-478D-B9F9-846DA11372AD}.Release|Any CPU.Build.0 = Release|Any CPU
		{43EAD90D-01D0-4468-BD44-86D20A88F947}.Debug|Any CPU.ActiveCfg = Debug|Any CPU
		{43EAD90D-01D0-4468-BD44-86D20A88F947}.Debug|Any CPU.Build.0 = Debug|Any CPU
		{43EAD90D-01D0-4468-BD44-86D20A88F947}.DebugWithSymbol|Any CPU.ActiveCfg = Debug|Any CPU
		{43EAD90D-01D0-4468-BD44-86D20A88F947}.DebugWithSymbol|Any CPU.Build.0 = Debug|Any CPU
		{43EAD90D-01D0-4468-BD44-86D20A88F947}.Release|Any CPU.ActiveCfg = Release|Any CPU
		{43EAD90D-01D0-4468-BD44-86D20A88F947}.Release|Any CPU.Build.0 = Release|Any CPU
	EndGlobalSection
	GlobalSection(SolutionProperties) = preSolution
		HideSolutionNode = FALSE
	EndGlobalSection
	GlobalSection(NestedProjects) = preSolution
		{9AD83669-5DE8-44E5-9C12-BAD90FB93A23} = {1FE0C1A9-B34A-4B9A-8B13-9342D28B849E}
		{E36ADD7C-3E12-44D5-9A56-0B5C086EF755} = {1FE0C1A9-B34A-4B9A-8B13-9342D28B849E}
		{1FE0C1A9-B34A-4B9A-8B13-9342D28B849E} = {E36FC976-3345-4988-B710-C7F5DEAD2EF6}
		{A161FC5B-E3D9-4814-BFFB-90FD8AE1E158} = {F75FAB67-13B6-4A4D-8FD9-C30D4A7B648F}
		{9CF5C149-650A-42C4-A08E-0A066FE7721A} = {E36FC976-3345-4988-B710-C7F5DEAD2EF6}
		{79FBDE75-2C12-4684-ADCB-C8004D305373} = {9CF5C149-650A-42C4-A08E-0A066FE7721A}
		{7C6EAD80-D219-4792-98D7-247248918968} = {9CF5C149-650A-42C4-A08E-0A066FE7721A}
		{5CF6B6AA-635A-46A3-A0BC-A84294BB205E} = {F75FAB67-13B6-4A4D-8FD9-C30D4A7B648F}
		{8926C6B9-213D-4569-A878-53204473E75E} = {E36FC976-3345-4988-B710-C7F5DEAD2EF6}
		{45D30D7D-271F-4833-8E80-09831F79F1E5} = {F75FAB67-13B6-4A4D-8FD9-C30D4A7B648F}
		{0F6953CF-37F3-4759-AF46-A62ABB49D76C} = {9CF5C149-650A-42C4-A08E-0A066FE7721A}
		{228A0A82-EF20-459D-A9CD-564EC02A45E2} = {F75FAB67-13B6-4A4D-8FD9-C30D4A7B648F}
		{88B10D30-4A93-4BC0-9CF5-F813B40A6943} = {F75FAB67-13B6-4A4D-8FD9-C30D4A7B648F}
		{50FC98FF-EAE1-478D-B9F9-846DA11372AD} = {1E21D3A9-D00F-45AF-99EC-BF8123ACE33F}
		{43EAD90D-01D0-4468-BD44-86D20A88F947} = {F75FAB67-13B6-4A4D-8FD9-C30D4A7B648F}
	EndGlobalSection
	GlobalSection(ExtensibilityGlobals) = postSolution
		SolutionGuid = {5A9383CD-0E2F-46A6-8783-0315851AAD4C}
	EndGlobalSection
EndGlobal
